// !$*UTF8*$!
{
	archiveVersion = 1;
	classes = {
	};
	objectVersion = 50;
	objects = {

/* Begin PBXBuildFile section */
		2C724EA72296C75800B9C67A /* AppDelegate.swift in Sources */ = {isa = PBXBuildFile; fileRef = 2C724EA62296C75800B9C67A /* AppDelegate.swift */; };
		2C724EA92296C75800B9C67A /* ViewController.swift in Sources */ = {isa = PBXBuildFile; fileRef = 2C724EA82296C75800B9C67A /* ViewController.swift */; };
		2C724EAC2296C75800B9C67A /* Main.storyboard in Resources */ = {isa = PBXBuildFile; fileRef = 2C724EAA2296C75800B9C67A /* Main.storyboard */; };
		2C724EAE2296C75800B9C67A /* Assets.xcassets in Resources */ = {isa = PBXBuildFile; fileRef = 2C724EAD2296C75800B9C67A /* Assets.xcassets */; };
		2C724EB12296C75800B9C67A /* LaunchScreen.storyboard in Resources */ = {isa = PBXBuildFile; fileRef = 2C724EAF2296C75800B9C67A /* LaunchScreen.storyboard */; };
		2C724EB92296D74E00B9C67A /* ConvertController.swift in Sources */ = {isa = PBXBuildFile; fileRef = 2C724EB82296D74E00B9C67A /* ConvertController.swift */; };
/* End PBXBuildFile section */

/* Begin PBXFileReference section */
		2C724EA32296C75800B9C67A /* Convertisseur.app */ = {isa = PBXFileReference; explicitFileType = wrapper.application; includeInIndex = 0; path = Convertisseur.app; sourceTree = BUILT_PRODUCTS_DIR; };
		2C724EA62296C75800B9C67A /* AppDelegate.swift */ = {isa = PBXFileReference; lastKnownFileType = sourcecode.swift; path = AppDelegate.swift; sourceTree = "<group>"; };
		2C724EA82296C75800B9C67A /* ViewController.swift */ = {isa = PBXFileReference; lastKnownFileType = sourcecode.swift; path = ViewController.swift; sourceTree = "<group>"; };
		2C724EAB2296C75800B9C67A /* Base */ = {isa = PBXFileReference; lastKnownFileType = file.storyboard; name = Base; path = Base.lproj/Main.storyboard; sourceTree = "<group>"; };
		2C724EAD2296C75800B9C67A /* Assets.xcassets */ = {isa = PBXFileReference; lastKnownFileType = folder.assetcatalog; path = Assets.xcassets; sourceTree = "<group>"; };
		2C724EB02296C75800B9C67A /* Base */ = {isa = PBXFileReference; lastKnownFileType = file.storyboard; name = Base; path = Base.lproj/LaunchScreen.storyboard; sourceTree = "<group>"; };
		2C724EB22296C75800B9C67A /* Info.plist */ = {isa = PBXFileReference; lastKnownFileType = text.plist.xml; path = Info.plist; sourceTree = "<group>"; };
		2C724EB82296D74E00B9C67A /* ConvertController.swift */ = {isa = PBXFileReference; lastKnownFileType = sourcecode.swift; path = ConvertController.swift; sourceTree = "<group>"; };
/* End PBXFileReference section */

/* Begin PBXFrameworksBuildPhase section */
		2C724EA02296C75800B9C67A /* Frameworks */ = {
			isa = PBXFrameworksBuildPhase;
			buildActionMask = 2147483647;
			files = (
			);
			runOnlyForDeploymentPostprocessing = 0;
		};
/* End PBXFrameworksBuildPhase section */

/* Begin PBXGroup section */
		2C724E9A2296C75800B9C67A = {
			isa = PBXGroup;
			children = (
				2C724EA52296C75800B9C67A /* Convertisseur */,
				2C724EA42296C75800B9C67A /* Products */,
			);
			sourceTree = "<group>";
		};
		2C724EA42296C75800B9C67A /* Products */ = {
			isa = PBXGroup;
			children = (
				2C724EA32296C75800B9C67A /* Convertisseur.app */,
			);
			name = Products;
			sourceTree = "<group>";
		};
		2C724EA52296C75800B9C67A /* Convertisseur */ = {
			isa = PBXGroup;
			children = (
				2C724EA62296C75800B9C67A /* AppDelegate.swift */,
				2C724EA82296C75800B9C67A /* ViewController.swift */,
				2C724EB82296D74E00B9C67A /* ConvertController.swift */,
				2C724EAA2296C75800B9C67A /* Main.storyboard */,
				2C724EAD2296C75800B9C67A /* Assets.xcassets */,
				2C724EAF2296C75800B9C67A /* LaunchScreen.storyboard */,
				2C724EB22296C75800B9C67A /* Info.plist */,
			);
			path = Convertisseur;
			sourceTree = "<group>";
		};
/* End PBXGroup section */

/* Begin PBXNativeTarget section */
		2C724EA22296C75800B9C67A /* Convertisseur */ = {
			isa = PBXNativeTarget;
			buildConfigurationList = 2C724EB52296C75800B9C67A /* Build configuration list for PBXNativeTarget "Convertisseur" */;
			buildPhases = (
				2C724E9F2296C75800B9C67A /* Sources */,
				2C724EA02296C75800B9C67A /* Frameworks */,
				2C724EA12296C75800B9C67A /* Resources */,
			);
			buildRules = (
			);
			dependencies = (
			);
			name = Convertisseur;
			productName = Convertisseur;
			productReference = 2C724EA32296C75800B9C67A /* Convertisseur.app */;
			productType = "com.apple.product-type.application";
		};
/* End PBXNativeTarget section */

/* Begin PBXProject section */
		2C724E9B2296C75800B9C67A /* Project object */ = {
			isa = PBXProject;
			attributes = {
				LastSwiftUpdateCheck = 1020;
				LastUpgradeCheck = 1020;
				ORGANIZATIONNAME = "Fabrice Etiennette";
				TargetAttributes = {
					2C724EA22296C75800B9C67A = {
						CreatedOnToolsVersion = 10.2.1;
					};
				};
			};
			buildConfigurationList = 2C724E9E2296C75800B9C67A /* Build configuration list for PBXProject "Convertisseur" */;
			compatibilityVersion = "Xcode 9.3";
			developmentRegion = en;
			hasScannedForEncodings = 0;
			knownRegions = (
				en,
				Base,
			);
			mainGroup = 2C724E9A2296C75800B9C67A;
			productRefGroup = 2C724EA42296C75800B9C67A /* Products */;
			projectDirPath = "";
			projectRoot = "";
			targets = (
				2C724EA22296C75800B9C67A /* Convertisseur */,
			);
		};
/* End PBXProject section */

/* Begin PBXResourcesBuildPhase section */
		2C724EA12296C75800B9C67A /* Resources */ = {
			isa = PBXResourcesBuildPhase;
			buildActionMask = 2147483647;
			files = (
				2C724EB12296C75800B9C67A /* LaunchScreen.storyboard in Resources */,
				2C724EAE2296C75800B9C67A /* Assets.xcassets in Resources */,
				2C724EAC2296C75800B9C67A /* Main.storyboard in Resources */,
			);
			runOnlyForDeploymentPostprocessing = 0;
		};
/* End PBXResourcesBuildPhase section */

/* Begin PBXSourcesBuildPhase section */
		2C724E9F2296C75800B9C67A /* Sources */ = {
			isa = PBXSourcesBuildPhase;
			buildActionMask = 2147483647;
			files = (
				2C724EB92296D74E00B9C67A /* ConvertController.swift in Sources */,
				2C724EA92296C75800B9C67A /* ViewController.swift in Sources */,
				2C724EA72296C75800B9C67A /* AppDelegate.swift in Sources */,
			);
			runOnlyForDeploymentPostprocessing = 0;
		};
/* End PBXSourcesBuildPhase section */

/* Begin PBXVariantGroup section */
		2C724EAA2296C75800B9C67A /* Main.storyboard */ = {
			isa = PBXVariantGroup;
			children = (
				2C724EAB2296C75800B9C67A /* Base */,
			);
			name = Main.storyboard;
			sourceTree = "<group>";
		};
		2C724EAF2296C75800B9C67A /* LaunchScreen.storyboard */ = {
			isa = PBXVariantGroup;
			children = (
				2C724EB02296C75800B9C67A /* Base */,
			);
			name = LaunchScreen.storyboard;
			sourceTree = "<group>";
		};
/* End PBXVariantGroup section */

/* Begin XCBuildConfiguration section */
		2C724EB32296C75800B9C67A /* Debug */ = {
			isa = XCBuildConfiguration;
			buildSettings = {
				ALWAYS_SEARCH_USER_PATHS = NO;
				CLANG_ANALYZER_NONNULL = YES;
				CLANG_ANALYZER_NUMBER_OBJECT_CONVERSION = YES_AGGRESSIVE;
				CLANG_CXX_LANGUAGE_STANDARD = "gnu++14";
				CLANG_CXX_LIBRARY = "libc++";
				CLANG_ENABLE_MODULES = YES;
				CLANG_ENABLE_OBJC_ARC = YES;
				CLANG_ENABLE_OBJC_WEAK = YES;
				CLANG_WARN_BLOCK_CAPTURE_AUTORELEASING = YES;
				CLANG_WARN_BOOL_CONVERSION = YES;
				CLANG_WARN_COMMA = YES;
				CLANG_WARN_CONSTANT_CONVERSION = YES;
				CLANG_WARN_DEPRECATED_OBJC_IMPLEMENTATIONS = YES;
				CLANG_WARN_DIRECT_OBJC_ISA_USAGE = YES_ERROR;
				CLANG_WARN_DOCUMENTATION_COMMENTS = YES;
				CLANG_WARN_EMPTY_BODY = YES;
				CLANG_WARN_ENUM_CONVERSION = YES;
				CLANG_WARN_INFINITE_RECURSION = YES;
				CLANG_WARN_INT_CONVERSION = YES;
				CLANG_WARN_NON_LITERAL_NULL_CONVERSION = YES;
				CLANG_WARN_OBJC_IMPLICIT_RETAIN_SELF = YES;
				CLANG_WARN_OBJC_LITERAL_CONVERSION = YES;
				CLANG_WARN_OBJC_ROOT_CLASS = YES_ERROR;
				CLANG_WARN_RANGE_LOOP_ANALYSIS = YES;
				CLANG_WARN_STRICT_PROTOTYPES = YES;
				CLANG_WARN_SUSPICIOUS_MOVE = YES;
				CLANG_WARN_UNGUARDED_AVAILABILITY = YES_AGGRESSIVE;
				CLANG_WARN_UNREACHABLE_CODE = YES;
				CLANG_WARN__DUPLICATE_METHOD_MATCH = YES;
				CODE_SIGN_IDENTITY = "iPhone Developer";
				COPY_PHASE_STRIP = NO;
				DEBUG_INFORMATION_FORMAT = dwarf;
				ENABLE_STRICT_OBJC_MSGSEND = YES;
				ENABLE_TESTABILITY = YES;
				GCC_C_LANGUAGE_STANDARD = gnu11;
				GCC_DYNAMIC_NO_PIC = NO;
				GCC_NO_COMMON_BLOCKS = YES;
				GCC_OPTIMIZATION_LEVEL = 0;
				GCC_PREPROCESSOR_DEFINITIONS = (
					"DEBUG=1",
					"$(inherited)",
				);
				GCC_WARN_64_TO_32_BIT_CONVERSION = YES;
				GCC_WARN_ABOUT_RETURN_TYPE = YES_ERROR;
				GCC_WARN_UNDECLARED_SELECTOR = YES;
				GCC_WARN_UNINITIALIZED_AUTOS = YES_AGGRESSIVE;
				GCC_WARN_UNUSED_FUNCTION = YES;
				GCC_WARN_UNUSED_VARIABLE = YES;
				IPHONEOS_DEPLOYMENT_TARGET = 12.2;
				MTL_ENABLE_DEBUG_INFO = INCLUDE_SOURCE;
				MTL_FAST_MATH = YES;
				ONLY_ACTIVE_ARCH = YES;
				SDKROOT = iphoneos;
				SWIFT_ACTIVE_COMPILATION_CONDITIONS = DEBUG;
				SWIFT_OPTIMIZATION_LEVEL = "-Onone";
			};
			name = Debug;
		};
		2C724EB42296C75800B9C67A /* Release */ = {
			isa = XCBuildConfiguration;
			buildSettings = {
				ALWAYS_SEARCH_USER_PATHS = NO;
				CLANG_ANALYZER_NONNULL = YES;
				CLANG_ANALYZER_NUMBER_OBJECT_CONVERSION = YES_AGGRESSIVE;
				CLANG_CXX_LANGUAGE_STANDARD = "gnu++14";
				CLANG_CXX_LIBRARY = "libc++";
				CLANG_ENABLE_MODULES = YES;
				CLANG_ENABLE_OBJC_ARC = YES;
				CLANG_ENABLE_OBJC_WEAK = YES;
				CLANG_WARN_BLOCK_CAPTURE_AUTORELEASING = YES;
				CLANG_WARN_BOOL_CONVERSION = YES;
				CLANG_WARN_COMMA = YES;
				CLANG_WARN_CONSTANT_CONVERSION = YES;
				CLANG_WARN_DEPRECATED_OBJC_IMPLEMENTATIONS = YES;
				CLANG_WARN_DIRECT_OBJC_ISA_USAGE = YES_ERROR;
				CLANG_WARN_DOCUMENTATION_COMMENTS = YES;
				CLANG_WARN_EMPTY_BODY = YES;
				CLANG_WARN_ENUM_CONVERSION = YES;
				CLANG_WARN_INFINITE_RECURSION = YES;
				CLANG_WARN_INT_CONVERSION = YES;
				CLANG_WARN_NON_LITERAL_NULL_CONVERSION = YES;
				CLANG_WARN_OBJC_IMPLICIT_RETAIN_SELF = YES;
				CLANG_WARN_OBJC_LITERAL_CONVERSION = YES;
				CLANG_WARN_OBJC_ROOT_CLASS = YES_ERROR;
				CLANG_WARN_RANGE_LOOP_ANALYSIS = YES;
				CLANG_WARN_STRICT_PROTOTYPES = YES;
				CLANG_WARN_SUSPICIOUS_MOVE = YES;
				CLANG_WARN_UNGUARDED_AVAILABILITY = YES_AGGRESSIVE;
				CLANG_WARN_UNREACHABLE_CODE = YES;
				CLANG_WARN__DUPLICATE_METHOD_MATCH = YES;
				CODE_SIGN_IDENTITY = "iPhone Developer";
				COPY_PHASE_STRIP = NO;
				DEBUG_INFORMATION_FORMAT = "dwarf-with-dsym";
				ENABLE_NS_ASSERTIONS = NO;
				ENABLE_STRICT_OBJC_MSGSEND = YES;
				GCC_C_LANGUAGE_STANDARD = gnu11;
				GCC_NO_COMMON_BLOCKS = YES;
				GCC_WARN_64_TO_32_BIT_CONVERSION = YES;
				GCC_WARN_ABOUT_RETURN_TYPE = YES_ERROR;
				GCC_WARN_UNDECLARED_SELECTOR = YES;
				GCC_WARN_UNINITIALIZED_AUTOS = YES_AGGRESSIVE;
				GCC_WARN_UNUSED_FUNCTION = YES;
				GCC_WARN_UNUSED_VARIABLE = YES;
				IPHONEOS_DEPLOYMENT_TARGET = 12.2;
				MTL_ENABLE_DEBUG_INFO = NO;
				MTL_FAST_MATH = YES;
				SDKROOT = iphoneos;
				SWIFT_COMPILATION_MODE = wholemodule;
				SWIFT_OPTIMIZATION_LEVEL = "-O";
				VALIDATE_PRODUCT = YES;
			};
			name = Release;
		};
		2C724EB62296C75800B9C67A /* Debug */ = {
			isa = XCBuildConfiguration;
			buildSettings = {
				ASSETCATALOG_COMPILER_APPICON_NAME = AppIcon;
				CODE_SIGN_STYLE = Automatic;
				DEVELOPMENT_TEAM = B27HT7JX8Q;
				INFOPLIST_FILE = Convertisseur/Info.plist;
				LD_RUNPATH_SEARCH_PATHS = (
					"$(inherited)",
					"@executable_path/Frameworks",
				);
				PRODUCT_BUNDLE_IDENTIFIER = io.fabricetiennette.Convertisseur;
				PRODUCT_NAME = "$(TARGET_NAME)";
				SWIFT_VERSION = 5.0;
				TARGETED_DEVICE_FAMILY = 1;
			};
			name = Debug;
		};
		2C724EB72296C75800B9C67A /* Release */ = {
			isa = XCBuildConfiguration;
			buildSettings = {
				ASSETCATALOG_COMPILER_APPICON_NAME = AppIcon;
				CODE_SIGN_STYLE = Automatic;
				DEVELOPMENT_TEAM = B27HT7JX8Q;
				INFOPLIST_FILE = Convertisseur/Info.plist;
				LD_RUNPATH_SEARCH_PATHS = (
					"$(inherited)",
					"@executable_path/Frameworks",
				);
				PRODUCT_BUNDLE_IDENTIFIER = io.fabricetiennette.Convertisseur;
				PRODUCT_NAME = "$(TARGET_NAME)";
				SWIFT_VERSION = 5.0;
				TARGETED_DEVICE_FAMILY = 1;
			};
			name = Release;
		};
/* End XCBuildConfiguration section */

/* Begin XCConfigurationList section */
		2C724E9E2296C75800B9C67A /* Build configuration list for PBXProject "Convertisseur" */ = {
			isa = XCConfigurationList;
			buildConfigurations = (
				2C724EB32296C75800B9C67A /* Debug */,
				2C724EB42296C75800B9C67A /* Release */,
			);
			defaultConfigurationIsVisible = 0;
			defaultConfigurationName = Release;
		};
		2C724EB52296C75800B9C67A /* Build configuration list for PBXNativeTarget "Convertisseur" */ = {
			isa = XCConfigurationList;
			buildConfigurations = (
				2C724EB62296C75800B9C67A /* Debug */,
				2C724EB72296C75800B9C67A /* Release */,
			);
			defaultConfigurationIsVisible = 0;
			defaultConfigurationName = Release;
		};
/* End XCConfigurationList section */
	};
	rootObject = 2C724E9B2296C75800B9C67A /* Project object */;
}
